
Microsoft Visual Studio Solution File, Format Version 12.00
# Visual Studio 2013
VisualStudioVersion = 12.0.30723.0
MinimumVisualStudioVersion = 10.0.40219.1
Project("{FAE04EC0-301F-11D3-BF4B-00C04F79EFBC}") = "DocCore", "DocCore\DocCore.csproj", "{D06025B5-086B-48F7-B3A7-49CA63431008}"
EndProject
Project("{FAE04EC0-301F-11D3-BF4B-00C04F79EFBC}") = "GuiConsoleTest", "Test\GuiConsoleTest.csproj", "{0FDF9710-341D-406A-A6A0-E6E7BB0CCE37}"
EndProject
Project("{FAE04EC0-301F-11D3-BF4B-00C04F79EFBC}") = "FilesReport", "FilesReport\FilesReport.csproj", "{5A37935B-A149-4CC5-A4C4-741888A9D40B}"
EndProject
Project("{FAE04EC0-301F-11D3-BF4B-00C04F79EFBC}") = "GuiWebForms", "WebGuiTest\GuiWebForms.csproj", "{CC92DB76-9489-49DB-BE68-301B93943C39}"
EndProject
Project("{FAE04EC0-301F-11D3-BF4B-00C04F79EFBC}") = "CrawlerGUI", "CrawlerGUI\CrawlerGUI.csproj", "{66F040A1-1B96-427E-B718-ED491FB3570B}"
EndProject
Project("{FAE04EC0-301F-11D3-BF4B-00C04F79EFBC}") = "guiWebMVC", "guiMVC\guiWebMVC.csproj", "{9D476849-19EA-45EE-A72C-BA9C272CC98E}"
EndProject
Project("{FAE04EC0-301F-11D3-BF4B-00C04F79EFBC}") = "CSharpTest.Net.Collections", "bplustree\CSharpTest.Net.Collections.csproj", "{D9E4B69F-A194-4242-A350-602DBA8C3409}"
EndProject
Project("{FAE04EC0-301F-11D3-BF4B-00C04F79EFBC}") = "CrawlerCore", "CrawlerCore\CrawlerCore.csproj", "{E237FF0C-B33F-4C8A-9593-859F55DDAED8}"
EndProject
Project("{FAE04EC0-301F-11D3-BF4B-00C04F79EFBC}") = "HTMLAgilityPack", "HTMLAgilityPack\HTMLAgilityPack.csproj", "{D4E83E34-A6AF-457D-AFD6-DAA55904B235}"
EndProject
Project("{FAE04EC0-301F-11D3-BF4B-00C04F79EFBC}") = "itextsharp", "itextsharp\itextsharp.csproj", "{19E88DCA-FEDF-494E-B236-84C8B2B19287}"
EndProject
Global
	GlobalSection(SolutionConfigurationPlatforms) = preSolution
		Debug|Any CPU = Debug|Any CPU
		Debug|Mixed Platforms = Debug|Mixed Platforms
		Debug|x64 = Debug|x64
		Debug|x86 = Debug|x86
		Release|Any CPU = Release|Any CPU
		Release|Mixed Platforms = Release|Mixed Platforms
		Release|x64 = Release|x64
		Release|x86 = Release|x86
	EndGlobalSection
	GlobalSection(ProjectConfigurationPlatforms) = postSolution
		{D06025B5-086B-48F7-B3A7-49CA63431008}.Debug|Any CPU.ActiveCfg = Debug|Any CPU
		{D06025B5-086B-48F7-B3A7-49CA63431008}.Debug|Any CPU.Build.0 = Debug|Any CPU
		{D06025B5-086B-48F7-B3A7-49CA63431008}.Debug|Mixed Platforms.ActiveCfg = Release|Any CPU
		{D06025B5-086B-48F7-B3A7-49CA63431008}.Debug|Mixed Platforms.Build.0 = Release|Any CPU
		{D06025B5-086B-48F7-B3A7-49CA63431008}.Debug|x64.ActiveCfg = Debug|x64
		{D06025B5-086B-48F7-B3A7-49CA63431008}.Debug|x64.Build.0 = Debug|x64
		{D06025B5-086B-48F7-B3A7-49CA63431008}.Debug|x86.ActiveCfg = Debug|Any CPU
		{D06025B5-086B-48F7-B3A7-49CA63431008}.Debug|x86.Build.0 = Debug|Any CPU
		{D06025B5-086B-48F7-B3A7-49CA63431008}.Release|Any CPU.ActiveCfg = Release|Any CPU
		{D06025B5-086B-48F7-B3A7-49CA63431008}.Release|Any CPU.Build.0 = Release|Any CPU
		{D06025B5-086B-48F7-B3A7-49CA63431008}.Release|Mixed Platforms.ActiveCfg = Release|Any CPU
		{D06025B5-086B-48F7-B3A7-49CA63431008}.Release|Mixed Platforms.Build.0 = Release|Any CPU
		{D06025B5-086B-48F7-B3A7-49CA63431008}.Release|x64.ActiveCfg = Release|x64
		{D06025B5-086B-48F7-B3A7-49CA63431008}.Release|x64.Build.0 = Release|x64
		{D06025B5-086B-48F7-B3A7-49CA63431008}.Release|x86.ActiveCfg = Release|Any CPU
		{0FDF9710-341D-406A-A6A0-E6E7BB0CCE37}.Debug|Any CPU.ActiveCfg = Debug|x86
		{0FDF9710-341D-406A-A6A0-E6E7BB0CCE37}.Debug|Mixed Platforms.ActiveCfg = Release|x86
		{0FDF9710-341D-406A-A6A0-E6E7BB0CCE37}.Debug|Mixed Platforms.Build.0 = Release|x86
		{0FDF9710-341D-406A-A6A0-E6E7BB0CCE37}.Debug|x64.ActiveCfg = Debug|x64
		{0FDF9710-341D-406A-A6A0-E6E7BB0CCE37}.Debug|x64.Build.0 = Debug|x64
		{0FDF9710-341D-406A-A6A0-E6E7BB0CCE37}.Debug|x86.ActiveCfg = Debug|x86
		{0FDF9710-341D-406A-A6A0-E6E7BB0CCE37}.Debug|x86.Build.0 = Debug|x86
		{0FDF9710-341D-406A-A6A0-E6E7BB0CCE37}.Release|Any CPU.ActiveCfg = Release|x86
		{0FDF9710-341D-406A-A6A0-E6E7BB0CCE37}.Release|Any CPU.Build.0 = Release|x86
		{0FDF9710-341D-406A-A6A0-E6E7BB0CCE37}.Release|Mixed Platforms.ActiveCfg = Release|x86
		{0FDF9710-341D-406A-A6A0-E6E7BB0CCE37}.Release|Mixed Platforms.Build.0 = Release|x86
		{0FDF9710-341D-406A-A6A0-E6E7BB0CCE37}.Release|x64.ActiveCfg = Release|x64
		{0FDF9710-341D-406A-A6A0-E6E7BB0CCE37}.Release|x64.Build.0 = Release|x64
		{0FDF9710-341D-406A-A6A0-E6E7BB0CCE37}.Release|x86.ActiveCfg = Release|x86
		{0FDF9710-341D-406A-A6A0-E6E7BB0CCE37}.Release|x86.Build.0 = Release|x86
		{5A37935B-A149-4CC5-A4C4-741888A9D40B}.Debug|Any CPU.ActiveCfg = Debug|x86
		{5A37935B-A149-4CC5-A4C4-741888A9D40B}.Debug|Mixed Platforms.ActiveCfg = Debug|x86
		{5A37935B-A149-4CC5-A4C4-741888A9D40B}.Debug|Mixed Platforms.Build.0 = Debug|x86
		{5A37935B-A149-4CC5-A4C4-741888A9D40B}.Debug|x64.ActiveCfg = Debug|x64
		{5A37935B-A149-4CC5-A4C4-741888A9D40B}.Debug|x64.Build.0 = Debug|x64
		{5A37935B-A149-4CC5-A4C4-741888A9D40B}.Debug|x86.ActiveCfg = Debug|x86
		{5A37935B-A149-4CC5-A4C4-741888A9D40B}.Debug|x86.Build.0 = Debug|x86
		{5A37935B-A149-4CC5-A4C4-741888A9D40B}.Release|Any CPU.ActiveCfg = Release|x86
		{5A37935B-A149-4CC5-A4C4-741888A9D40B}.Release|Mixed Platforms.ActiveCfg = Release|x86
		{5A37935B-A149-4CC5-A4C4-741888A9D40B}.Release|Mixed Platforms.Build.0 = Release|x86
		{5A37935B-A149-4CC5-A4C4-741888A9D40B}.Release|x64.ActiveCfg = Release|x64
		{5A37935B-A149-4CC5-A4C4-741888A9D40B}.Release|x64.Build.0 = Release|x64
		{5A37935B-A149-4CC5-A4C4-741888A9D40B}.Release|x86.ActiveCfg = Release|x86
		{5A37935B-A149-4CC5-A4C4-741888A9D40B}.Release|x86.Build.0 = Release|x86
		{CC92DB76-9489-49DB-BE68-301B93943C39}.Debug|Any CPU.ActiveCfg = Debug|Any CPU
		{CC92DB76-9489-49DB-BE68-301B93943C39}.Debug|Any CPU.Build.0 = Debug|Any CPU
		{CC92DB76-9489-49DB-BE68-301B93943C39}.Debug|Mixed Platforms.ActiveCfg = Debug|Any CPU
		{CC92DB76-9489-49DB-BE68-301B93943C39}.Debug|Mixed Platforms.Build.0 = Debug|Any CPU
		{CC92DB76-9489-49DB-BE68-301B93943C39}.Debug|x64.ActiveCfg = Debug|x64
		{CC92DB76-9489-49DB-BE68-301B93943C39}.Debug|x64.Build.0 = Debug|x64
		{CC92DB76-9489-49DB-BE68-301B93943C39}.Debug|x86.ActiveCfg = Debug|Any CPU
		{CC92DB76-9489-49DB-BE68-301B93943C39}.Debug|x86.Build.0 = Debug|Any CPU
		{CC92DB76-9489-49DB-BE68-301B93943C39}.Release|Any CPU.ActiveCfg = Release|Any CPU
		{CC92DB76-9489-49DB-BE68-301B93943C39}.Release|Any CPU.Build.0 = Release|Any CPU
		{CC92DB76-9489-49DB-BE68-301B93943C39}.Release|Mixed Platforms.ActiveCfg = Release|Any CPU
		{CC92DB76-9489-49DB-BE68-301B93943C39}.Release|Mixed Platforms.Build.0 = Release|Any CPU
		{CC92DB76-9489-49DB-BE68-301B93943C39}.Release|x64.ActiveCfg = Release|x64
		{CC92DB76-9489-49DB-BE68-301B93943C39}.Release|x64.Build.0 = Release|x64
		{CC92DB76-9489-49DB-BE68-301B93943C39}.Release|x86.ActiveCfg = Release|Any CPU
		{66F040A1-1B96-427E-B718-ED491FB3570B}.Debug|Any CPU.ActiveCfg = Debug|x86
		{66F040A1-1B96-427E-B718-ED491FB3570B}.Debug|Mixed Platforms.ActiveCfg = Debug|x86
		{66F040A1-1B96-427E-B718-ED491FB3570B}.Debug|Mixed Platforms.Build.0 = Debug|x86
		{66F040A1-1B96-427E-B718-ED491FB3570B}.Debug|x64.ActiveCfg = Debug|x64
		{66F040A1-1B96-427E-B718-ED491FB3570B}.Debug|x64.Build.0 = Debug|x64
		{66F040A1-1B96-427E-B718-ED491FB3570B}.Debug|x86.ActiveCfg = Debug|x86
		{66F040A1-1B96-427E-B718-ED491FB3570B}.Debug|x86.Build.0 = Debug|x86
		{66F040A1-1B96-427E-B718-ED491FB3570B}.Release|Any CPU.ActiveCfg = Release|x86
		{66F040A1-1B96-427E-B718-ED491FB3570B}.Release|Mixed Platforms.ActiveCfg = Release|x86
		{66F040A1-1B96-427E-B718-ED491FB3570B}.Release|Mixed Platforms.Build.0 = Release|x86
		{66F040A1-1B96-427E-B718-ED491FB3570B}.Release|x64.ActiveCfg = Release|x64
		{66F040A1-1B96-427E-B718-ED491FB3570B}.Release|x64.Build.0 = Release|x64
		{66F040A1-1B96-427E-B718-ED491FB3570B}.Release|x86.ActiveCfg = Release|x86
		{66F040A1-1B96-427E-B718-ED491FB3570B}.Release|x86.Build.0 = Release|x86
		{9D476849-19EA-45EE-A72C-BA9C272CC98E}.Debug|Any CPU.ActiveCfg = Debug|Any CPU
		{9D476849-19EA-45EE-A72C-BA9C272CC98E}.Debug|Any CPU.Build.0 = Debug|Any CPU
		{9D476849-19EA-45EE-A72C-BA9C272CC98E}.Debug|Mixed Platforms.ActiveCfg = Debug|Any CPU
		{9D476849-19EA-45EE-A72C-BA9C272CC98E}.Debug|Mixed Platforms.Build.0 = Debug|Any CPU
		{9D476849-19EA-45EE-A72C-BA9C272CC98E}.Debug|x64.ActiveCfg = Debug|x64
		{9D476849-19EA-45EE-A72C-BA9C272CC98E}.Debug|x64.Build.0 = Debug|x64
		{9D476849-19EA-45EE-A72C-BA9C272CC98E}.Debug|x86.ActiveCfg = Debug|Any CPU
		{9D476849-19EA-45EE-A72C-BA9C272CC98E}.Debug|x86.Build.0 = Debug|Any CPU
		{9D476849-19EA-45EE-A72C-BA9C272CC98E}.Release|Any CPU.ActiveCfg = Release|Any CPU
		{9D476849-19EA-45EE-A72C-BA9C272CC98E}.Release|Any CPU.Build.0 = Release|Any CPU
		{9D476849-19EA-45EE-A72C-BA9C272CC98E}.Release|Mixed Platforms.ActiveCfg = Release|Any CPU
		{9D476849-19EA-45EE-A72C-BA9C272CC98E}.Release|Mixed Platforms.Build.0 = Release|Any CPU
		{9D476849-19EA-45EE-A72C-BA9C272CC98E}.Release|x64.ActiveCfg = Release|x64
		{9D476849-19EA-45EE-A72C-BA9C272CC98E}.Release|x64.Build.0 = Release|x64
		{9D476849-19EA-45EE-A72C-BA9C272CC98E}.Release|x86.ActiveCfg = Release|Any CPU
		{D9E4B69F-A194-4242-A350-602DBA8C3409}.Debug|Any CPU.ActiveCfg = Debug|Any CPU
		{D9E4B69F-A194-4242-A350-602DBA8C3409}.Debug|Any CPU.Build.0 = Debug|Any CPU
		{D9E4B69F-A194-4242-A350-602DBA8C3409}.Debug|Mixed Platforms.ActiveCfg = Debug|Any CPU
		{D9E4B69F-A194-4242-A350-602DBA8C3409}.Debug|Mixed Platforms.Build.0 = Debug|Any CPU
		{D9E4B69F-A194-4242-A350-602DBA8C3409}.Debug|x64.ActiveCfg = Debug|x64
		{D9E4B69F-A194-4242-A350-602DBA8C3409}.Debug|x64.Build.0 = Debug|x64
		{D9E4B69F-A194-4242-A350-602DBA8C3409}.Debug|x86.ActiveCfg = Debug|Any CPU
		{D9E4B69F-A194-4242-A350-602DBA8C3409}.Debug|x86.Build.0 = Debug|Any CPU
		{D9E4B69F-A194-4242-A350-602DBA8C3409}.Release|Any CPU.ActiveCfg = Release|Any CPU
		{D9E4B69F-A194-4242-A350-602DBA8C3409}.Release|Any CPU.Build.0 = Release|Any CPU
		{D9E4B69F-A194-4242-A350-602DBA8C3409}.Release|Mixed Platforms.ActiveCfg = Release|Any CPU
		{D9E4B69F-A194-4242-A350-602DBA8C3409}.Release|Mixed Platforms.Build.0 = Release|Any CPU
		{D9E4B69F-A194-4242-A350-602DBA8C3409}.Release|x64.ActiveCfg = Release|x64
		{D9E4B69F-A194-4242-A350-602DBA8C3409}.Release|x64.Build.0 = Release|x64
		{D9E4B69F-A194-4242-A350-602DBA8C3409}.Release|x86.ActiveCfg = Release|Any CPU
		{E237FF0C-B33F-4C8A-9593-859F55DDAED8}.Debug|Any CPU.ActiveCfg = Debug|Any CPU
		{E237FF0C-B33F-4C8A-9593-859F55DDAED8}.Debug|Any CPU.Build.0 = Debug|Any CPU
		{E237FF0C-B33F-4C8A-9593-859F55DDAED8}.Debug|Mixed Platforms.ActiveCfg = Debug|Any CPU
		{E237FF0C-B33F-4C8A-9593-859F55DDAED8}.Debug|Mixed Platforms.Build.0 = Debug|Any CPU
		{E237FF0C-B33F-4C8A-9593-859F55DDAED8}.Debug|x64.ActiveCfg = Debug|x64
		{E237FF0C-B33F-4C8A-9593-859F55DDAED8}.Debug|x64.Build.0 = Debug|x64
		{E237FF0C-B33F-4C8A-9593-859F55DDAED8}.Debug|x86.ActiveCfg = Debug|Any CPU
		{E237FF0C-B33F-4C8A-9593-859F55DDAED8}.Debug|x86.Build.0 = Debug|Any CPU
		{E237FF0C-B33F-4C8A-9593-859F55DDAED8}.Release|Any CPU.ActiveCfg = Release|Any CPU
		{E237FF0C-B33F-4C8A-9593-859F55DDAED8}.Release|Any CPU.Build.0 = Release|Any CPU
		{E237FF0C-B33F-4C8A-9593-859F55DDAED8}.Release|Mixed Platforms.ActiveCfg = Release|Any CPU
		{E237FF0C-B33F-4C8A-9593-859F55DDAED8}.Release|Mixed Platforms.Build.0 = Release|Any CPU
		{E237FF0C-B33F-4C8A-9593-859F55DDAED8}.Release|x64.ActiveCfg = Release|x64
		{E237FF0C-B33F-4C8A-9593-859F55DDAED8}.Release|x64.Build.0 = Release|x64
		{E237FF0C-B33F-4C8A-9593-859F55DDAED8}.Release|x86.ActiveCfg = Release|Any CPU
		{D4E83E34-A6AF-457D-AFD6-DAA55904B235}.Debug|Any CPU.ActiveCfg = Debug|Any CPU
		{D4E83E34-A6AF-457D-AFD6-DAA55904B235}.Debug|Any CPU.Build.0 = Debug|Any CPU
		{D4E83E34-A6AF-457D-AFD6-DAA55904B235}.Debug|Mixed Platforms.ActiveCfg = Debug|Any CPU
		{D4E83E34-A6AF-457D-AFD6-DAA55904B235}.Debug|Mixed Platforms.Build.0 = Debug|Any CPU
		{D4E83E34-A6AF-457D-AFD6-DAA55904B235}.Debug|x64.ActiveCfg = Debug|x64
		{D4E83E34-A6AF-457D-AFD6-DAA55904B235}.Debug|x64.Build.0 = Debug|x64
		{D4E83E34-A6AF-457D-AFD6-DAA55904B235}.Debug|x86.ActiveCfg = Debug|Any CPU
		{D4E83E34-A6AF-457D-AFD6-DAA55904B235}.Debug|x86.Build.0 = Debug|Any CPU
		{D4E83E34-A6AF-457D-AFD6-DAA55904B235}.Release|Any CPU.ActiveCfg = Release|Any CPU
		{D4E83E34-A6AF-457D-AFD6-DAA55904B235}.Release|Any CPU.Build.0 = Release|Any CPU
		{D4E83E34-A6AF-457D-AFD6-DAA55904B235}.Release|Mixed Platforms.ActiveCfg = Release|Any CPU
		{D4E83E34-A6AF-457D-AFD6-DAA55904B235}.Release|Mixed Platforms.Build.0 = Release|Any CPU
		{D4E83E34-A6AF-457D-AFD6-DAA55904B235}.Release|x64.ActiveCfg = Release|x64
		{D4E83E34-A6AF-457D-AFD6-DAA55904B235}.Release|x64.Build.0 = Release|x64
		{D4E83E34-A6AF-457D-AFD6-DAA55904B235}.Release|x86.ActiveCfg = Release|Any CPU
		{19E88DCA-FEDF-494E-B236-84C8B2B19287}.Debug|Any CPU.ActiveCfg = Debug|Any CPU
		{19E88DCA-FEDF-494E-B236-84C8B2B19287}.Debug|Any CPU.Build.0 = Debug|Any CPU
		{19E88DCA-FEDF-494E-B236-84C8B2B19287}.Debug|Mixed Platforms.ActiveCfg = Debug|Any CPU
		{19E88DCA-FEDF-494E-B236-84C8B2B19287}.Debug|Mixed Platforms.Build.0 = Debug|Any CPU
		{19E88DCA-FEDF-494E-B236-84C8B2B19287}.Debug|x64.ActiveCfg = Debug|x64
		{19E88DCA-FEDF-494E-B236-84C8B2B19287}.Debug|x64.Build.0 = Debug|x64
		{19E88DCA-FEDF-494E-B236-84C8B2B19287}.Debug|x86.ActiveCfg = Debug|Any CPU
		{19E88DCA-FEDF-494E-B236-84C8B2B19287}.Debug|x86.Build.0 = Debug|Any CPU
		{19E88DCA-FEDF-494E-B236-84C8B2B19287}.Release|Any CPU.ActiveCfg = Release|Any CPU
		{19E88DCA-FEDF-494E-B236-84C8B2B19287}.Release|Any CPU.Build.0 = Release|Any CPU
		{19E88DCA-FEDF-494E-B236-84C8B2B19287}.Release|Mixed Platforms.ActiveCfg = Release|Any CPU
		{19E88DCA-FEDF-494E-B236-84C8B2B19287}.Release|Mixed Platforms.Build.0 = Release|Any CPU
		{19E88DCA-FEDF-494E-B236-84C8B2B19287}.Release|x64.ActiveCfg = Release|x64
		{19E88DCA-FEDF-494E-B236-84C8B2B19287}.Release|x64.Build.0 = Release|x64
		{19E88DCA-FEDF-494E-B236-84C8B2B19287}.Release|x86.ActiveCfg = Release|Any CPU
	EndGlobalSection
	GlobalSection(SolutionProperties) = preSolution
		HideSolutionNode = FALSE
	EndGlobalSection
EndGlobal
