
Microsoft Visual Studio Solution File, Format Version 11.00
# Visual Studio 2010
Project("{FAE04EC0-301F-11D3-BF4B-00C04F79EFBC}") = "DocCore", "DocCore\DocCore.csproj", "{D06025B5-086B-48F7-B3A7-49CA63431008}"
EndProject
Project("{FAE04EC0-301F-11D3-BF4B-00C04F79EFBC}") = "Test", "Test\Test.csproj", "{0FDF9710-341D-406A-A6A0-E6E7BB0CCE37}"
EndProject
Project("{FAE04EC0-301F-11D3-BF4B-00C04F79EFBC}") = "FilesReport", "FilesReport\FilesReport.csproj", "{5A37935B-A149-4CC5-A4C4-741888A9D40B}"
EndProject
Project("{FAE04EC0-301F-11D3-BF4B-00C04F79EFBC}") = "WebGuiTest", "WebGuiTest\WebGuiTest.csproj", "{CC92DB76-9489-49DB-BE68-301B93943C39}"
EndProject
Global
	GlobalSection(SolutionConfigurationPlatforms) = preSolution
		Debug|Any CPU = Debug|Any CPU
		Debug|Mixed Platforms = Debug|Mixed Platforms
		Debug|x86 = Debug|x86
		Release|Any CPU = Release|Any CPU
		Release|Mixed Platforms = Release|Mixed Platforms
		Release|x86 = Release|x86
	EndGlobalSection
	GlobalSection(ProjectConfigurationPlatforms) = postSolution
		{D06025B5-086B-48F7-B3A7-49CA63431008}.Debug|Any CPU.ActiveCfg = Debug|Any CPU
		{D06025B5-086B-48F7-B3A7-49CA63431008}.Debug|Any CPU.Build.0 = Debug|Any CPU
		{D06025B5-086B-48F7-B3A7-49CA63431008}.Debug|Mixed Platforms.ActiveCfg = Release|Any CPU
		{D06025B5-086B-48F7-B3A7-49CA63431008}.Debug|Mixed Platforms.Build.0 = Release|Any CPU
		{D06025B5-086B-48F7-B3A7-49CA63431008}.Debug|x86.ActiveCfg = Debug|Any CPU
		{D06025B5-086B-48F7-B3A7-49CA63431008}.Release|Any CPU.ActiveCfg = Release|Any CPU
		{D06025B5-086B-48F7-B3A7-49CA63431008}.Release|Any CPU.Build.0 = Release|Any CPU
		{D06025B5-086B-48F7-B3A7-49CA63431008}.Release|Mixed Platforms.ActiveCfg = Release|Any CPU
		{D06025B5-086B-48F7-B3A7-49CA63431008}.Release|Mixed Platforms.Build.0 = Release|Any CPU
		{D06025B5-086B-48F7-B3A7-49CA63431008}.Release|x86.ActiveCfg = Release|Any CPU
		{0FDF9710-341D-406A-A6A0-E6E7BB0CCE37}.Debug|Any CPU.ActiveCfg = Debug|x86
		{0FDF9710-341D-406A-A6A0-E6E7BB0CCE37}.Debug|Mixed Platforms.ActiveCfg = Release|x86
		{0FDF9710-341D-406A-A6A0-E6E7BB0CCE37}.Debug|Mixed Platforms.Build.0 = Release|x86
		{0FDF9710-341D-406A-A6A0-E6E7BB0CCE37}.Debug|x86.ActiveCfg = Debug|x86
		{0FDF9710-341D-406A-A6A0-E6E7BB0CCE37}.Debug|x86.Build.0 = Debug|x86
		{0FDF9710-341D-406A-A6A0-E6E7BB0CCE37}.Release|Any CPU.ActiveCfg = Release|x86
		{0FDF9710-341D-406A-A6A0-E6E7BB0CCE37}.Release|Any CPU.Build.0 = Release|x86
		{0FDF9710-341D-406A-A6A0-E6E7BB0CCE37}.Release|Mixed Platforms.ActiveCfg = Release|x86
		{0FDF9710-341D-406A-A6A0-E6E7BB0CCE37}.Release|Mixed Platforms.Build.0 = Release|x86
		{0FDF9710-341D-406A-A6A0-E6E7BB0CCE37}.Release|x86.ActiveCfg = Release|x86
		{0FDF9710-341D-406A-A6A0-E6E7BB0CCE37}.Release|x86.Build.0 = Release|x86
		{5A37935B-A149-4CC5-A4C4-741888A9D40B}.Debug|Any CPU.ActiveCfg = Debug|x86
		{5A37935B-A149-4CC5-A4C4-741888A9D40B}.Debug|Mixed Platforms.ActiveCfg = Debug|x86
		{5A37935B-A149-4CC5-A4C4-741888A9D40B}.Debug|Mixed Platforms.Build.0 = Debug|x86
		{5A37935B-A149-4CC5-A4C4-741888A9D40B}.Debug|x86.ActiveCfg = Debug|x86
		{5A37935B-A149-4CC5-A4C4-741888A9D40B}.Debug|x86.Build.0 = Debug|x86
		{5A37935B-A149-4CC5-A4C4-741888A9D40B}.Release|Any CPU.ActiveCfg = Release|x86
		{5A37935B-A149-4CC5-A4C4-741888A9D40B}.Release|Mixed Platforms.ActiveCfg = Release|x86
		{5A37935B-A149-4CC5-A4C4-741888A9D40B}.Release|Mixed Platforms.Build.0 = Release|x86
		{5A37935B-A149-4CC5-A4C4-741888A9D40B}.Release|x86.ActiveCfg = Release|x86
		{5A37935B-A149-4CC5-A4C4-741888A9D40B}.Release|x86.Build.0 = Release|x86
		{CC92DB76-9489-49DB-BE68-301B93943C39}.Debug|Any CPU.ActiveCfg = Debug|Any CPU
		{CC92DB76-9489-49DB-BE68-301B93943C39}.Debug|Any CPU.Build.0 = Debug|Any CPU
		{CC92DB76-9489-49DB-BE68-301B93943C39}.Debug|Mixed Platforms.ActiveCfg = Debug|Any CPU
		{CC92DB76-9489-49DB-BE68-301B93943C39}.Debug|Mixed Platforms.Build.0 = Debug|Any CPU
		{CC92DB76-9489-49DB-BE68-301B93943C39}.Debug|x86.ActiveCfg = Debug|Any CPU
		{CC92DB76-9489-49DB-BE68-301B93943C39}.Release|Any CPU.ActiveCfg = Release|Any CPU
		{CC92DB76-9489-49DB-BE68-301B93943C39}.Release|Any CPU.Build.0 = Release|Any CPU
		{CC92DB76-9489-49DB-BE68-301B93943C39}.Release|Mixed Platforms.ActiveCfg = Release|Any CPU
		{CC92DB76-9489-49DB-BE68-301B93943C39}.Release|Mixed Platforms.Build.0 = Release|Any CPU
		{CC92DB76-9489-49DB-BE68-301B93943C39}.Release|x86.ActiveCfg = Release|Any CPU
	EndGlobalSection
	GlobalSection(SolutionProperties) = preSolution
		HideSolutionNode = FALSE
	EndGlobalSection
EndGlobal
